# THIS IS AN AUTOGENERATED FILE. DO NOT EDIT THIS FILE DIRECTLY.
# yarn lockfile v1


"@fortawesome/fontawesome-common-types@^0.3.0":
  version "0.3.0"
  resolved "https://registry.yarnpkg.com/@fortawesome/fontawesome-common-types/-/fontawesome-common-types-0.3.0.tgz#949995a05c0d8801be7e0a594f775f1dbaa0d893"
  integrity sha512-CA3MAZBTxVsF6SkfkHXDerkhcQs0QPofy43eFdbWJJkZiq3SfiaH1msOkac59rQaqto5EqWnASboY1dBuKen5w==

"@fortawesome/fontawesome-free@^6.0.0":
  version "6.0.0"
  resolved "https://registry.yarnpkg.com/@fortawesome/fontawesome-free/-/fontawesome-free-6.0.0.tgz#6f3bd8e42997c7d536a1246877ed8bcd4f005a54"
  integrity sha512-6LB4PYBST1Rx40klypw1SmSDArjFOcfBf2LeX9Zg5EKJT2eXiyiJq+CyBYKeXyK0sXS2FsCJWSPr/luyhuvh0Q==

"@fortawesome/free-solid-svg-icons@^6.0.0":
  version "6.0.0"
  resolved "https://registry.yarnpkg.com/@fortawesome/free-solid-svg-icons/-/free-solid-svg-icons-6.0.0.tgz#bed4a501b631c6cfa35c09830f7cb63ffca1589d"
  integrity sha512-o4FZ1XbndcgeWNb8Wh0y+Hgf73CjmyOQowUSaqQCtgIIdS+XliSBSOwCl330wER+I6CGYE96hT27bHBPmzX2Gg==
  dependencies:
    "@fortawesome/fontawesome-common-types" "^0.3.0"
